// !$*UTF8*$!
{
	archiveVersion = 1;
	classes = {
	};
	objectVersion = 51;
	objects = {

/* Begin PBXBuildFile section */
		075752761DD227D755292EDD /* Pods_iosApp.framework in Frameworks */ = {isa = PBXBuildFile; fileRef = 1D9D0E2600B98B63668DFA00 /* Pods_iosApp.framework */; };
		2152FB042600AC8F00CF470E /* iOSApp.swift in Sources */ = {isa = PBXBuildFile; fileRef = 2152FB032600AC8F00CF470E /* iOSApp.swift */; };
		7555FF83242A565900829871 /* ContentView.swift in Sources */ = {isa = PBXBuildFile; fileRef = 7555FF82242A565900829871 /* ContentView.swift */; };
		C74E79822715DC61006AF830 /* AppDelegate.swift in Sources */ = {isa = PBXBuildFile; fileRef = C74E79812715DC61006AF830 /* AppDelegate.swift */; };
		C796029D2721921F00AA511F /* ShoppingItemExtension.swift in Sources */ = {isa = PBXBuildFile; fileRef = C796029C2721921F00AA511F /* ShoppingItemExtension.swift */; };
		C796029F2721937B00AA511F /* ShoppingItemListViewModel.swift in Sources */ = {isa = PBXBuildFile; fileRef = C796029E2721937B00AA511F /* ShoppingItemListViewModel.swift */; };
		C79602A12721AB7D00AA511F /* MainShoppingItemList.swift in Sources */ = {isa = PBXBuildFile; fileRef = C79602A02721AB7D00AA511F /* MainShoppingItemList.swift */; };
		C79602A32721AB9300AA511F /* ArchivedShoppingItemList.swift in Sources */ = {isa = PBXBuildFile; fileRef = C79602A22721AB9300AA511F /* ArchivedShoppingItemList.swift */; };
		C79602A52721ABAA00AA511F /* DeletedShoppingItemList.swift in Sources */ = {isa = PBXBuildFile; fileRef = C79602A42721ABAA00AA511F /* DeletedShoppingItemList.swift */; };
		C79602A72721AE3B00AA511F /* ShoppingItemListTab.swift in Sources */ = {isa = PBXBuildFile; fileRef = C79602A62721AE3B00AA511F /* ShoppingItemListTab.swift */; };
		C7E10855271F16C20006F3D8 /* ShoppingItemListScreen.swift in Sources */ = {isa = PBXBuildFile; fileRef = C7E10854271F16C20006F3D8 /* ShoppingItemListScreen.swift */; };
		C7E10857271F16FB0006F3D8 /* ShoppingItemRow.swift in Sources */ = {isa = PBXBuildFile; fileRef = C7E10856271F16FB0006F3D8 /* ShoppingItemRow.swift */; };
		C7E1085A271F18110006F3D8 /* CheckBox.swift in Sources */ = {isa = PBXBuildFile; fileRef = C7E10859271F18110006F3D8 /* CheckBox.swift */; };
		C7E1085D271F19A00006F3D8 /* Color.swift in Sources */ = {isa = PBXBuildFile; fileRef = C7E1085C271F19A00006F3D8 /* Color.swift */; };
/* End PBXBuildFile section */

/* Begin PBXFileReference section */
		1D9D0E2600B98B63668DFA00 /* Pods_iosApp.framework */ = {isa = PBXFileReference; explicitFileType = wrapper.framework; includeInIndex = 0; path = Pods_iosApp.framework; sourceTree = BUILT_PRODUCTS_DIR; };
		2152FB032600AC8F00CF470E /* iOSApp.swift */ = {isa = PBXFileReference; lastKnownFileType = sourcecode.swift; path = iOSApp.swift; sourceTree = "<group>"; };
		7555FF7B242A565900829871 /* iosApp.app */ = {isa = PBXFileReference; explicitFileType = wrapper.application; includeInIndex = 0; path = iosApp.app; sourceTree = BUILT_PRODUCTS_DIR; };
		7555FF82242A565900829871 /* ContentView.swift */ = {isa = PBXFileReference; lastKnownFileType = sourcecode.swift; path = ContentView.swift; sourceTree = "<group>"; };
		7555FF8C242A565B00829871 /* Info.plist */ = {isa = PBXFileReference; lastKnownFileType = text.plist.xml; path = Info.plist; sourceTree = "<group>"; };
		7664E5C3156C6597DCF1EEEF /* Pods-iosApp.release.xcconfig */ = {isa = PBXFileReference; includeInIndex = 1; lastKnownFileType = text.xcconfig; name = "Pods-iosApp.release.xcconfig"; path = "Target Support Files/Pods-iosApp/Pods-iosApp.release.xcconfig"; sourceTree = "<group>"; };
		7D852068720E887A1A13006B /* Pods-iosApp.debug.xcconfig */ = {isa = PBXFileReference; includeInIndex = 1; lastKnownFileType = text.xcconfig; name = "Pods-iosApp.debug.xcconfig"; path = "Target Support Files/Pods-iosApp/Pods-iosApp.debug.xcconfig"; sourceTree = "<group>"; };
		C74E79812715DC61006AF830 /* AppDelegate.swift */ = {isa = PBXFileReference; lastKnownFileType = sourcecode.swift; path = AppDelegate.swift; sourceTree = "<group>"; };
		C796029C2721921F00AA511F /* ShoppingItemExtension.swift */ = {isa = PBXFileReference; lastKnownFileType = sourcecode.swift; path = ShoppingItemExtension.swift; sourceTree = "<group>"; };
		C796029E2721937B00AA511F /* ShoppingItemListViewModel.swift */ = {isa = PBXFileReference; lastKnownFileType = sourcecode.swift; path = ShoppingItemListViewModel.swift; sourceTree = "<group>"; };
		C79602A02721AB7D00AA511F /* MainShoppingItemList.swift */ = {isa = PBXFileReference; lastKnownFileType = sourcecode.swift; path = MainShoppingItemList.swift; sourceTree = "<group>"; };
		C79602A22721AB9300AA511F /* ArchivedShoppingItemList.swift */ = {isa = PBXFileReference; lastKnownFileType = sourcecode.swift; path = ArchivedShoppingItemList.swift; sourceTree = "<group>"; };
		C79602A42721ABAA00AA511F /* DeletedShoppingItemList.swift */ = {isa = PBXFileReference; lastKnownFileType = sourcecode.swift; path = DeletedShoppingItemList.swift; sourceTree = "<group>"; };
		C79602A62721AE3B00AA511F /* ShoppingItemListTab.swift */ = {isa = PBXFileReference; lastKnownFileType = sourcecode.swift; path = ShoppingItemListTab.swift; sourceTree = "<group>"; };
		C7E10854271F16C20006F3D8 /* ShoppingItemListScreen.swift */ = {isa = PBXFileReference; lastKnownFileType = sourcecode.swift; path = ShoppingItemListScreen.swift; sourceTree = "<group>"; };
		C7E10856271F16FB0006F3D8 /* ShoppingItemRow.swift */ = {isa = PBXFileReference; lastKnownFileType = sourcecode.swift; path = ShoppingItemRow.swift; sourceTree = "<group>"; };
		C7E10859271F18110006F3D8 /* CheckBox.swift */ = {isa = PBXFileReference; lastKnownFileType = sourcecode.swift; path = CheckBox.swift; sourceTree = "<group>"; };
		C7E1085C271F19A00006F3D8 /* Color.swift */ = {isa = PBXFileReference; lastKnownFileType = sourcecode.swift; path = Color.swift; sourceTree = "<group>"; };
/* End PBXFileReference section */

/* Begin PBXFrameworksBuildPhase section */
		6D3C92200ACD920F78AA01EC /* Frameworks */ = {
			isa = PBXFrameworksBuildPhase;
			buildActionMask = 2147483647;
			files = (
				075752761DD227D755292EDD /* Pods_iosApp.framework in Frameworks */,
			);
			runOnlyForDeploymentPostprocessing = 0;
		};
/* End PBXFrameworksBuildPhase section */

/* Begin PBXGroup section */
		7555FF72242A565900829871 = {
			isa = PBXGroup;
			children = (
				7555FF7D242A565900829871 /* iosApp */,
				7555FF7C242A565900829871 /* Products */,
				982600309346D046DDB883D8 /* Pods */,
				F21DBF5584EAF3159986C41A /* Frameworks */,
			);
			sourceTree = "<group>";
		};
		7555FF7C242A565900829871 /* Products */ = {
			isa = PBXGroup;
			children = (
				7555FF7B242A565900829871 /* iosApp.app */,
			);
			name = Products;
			sourceTree = "<group>";
		};
		7555FF7D242A565900829871 /* iosApp */ = {
			isa = PBXGroup;
			children = (
				C796029A272191D600AA511F /* Model */,
				C7E1084A271F16340006F3D8 /* Error */,
				C7E10849271F162F0006F3D8 /* Common */,
				C7E10848271F162A0006F3D8 /* View */,
				7555FF82242A565900829871 /* ContentView.swift */,
				7555FF8C242A565B00829871 /* Info.plist */,
				2152FB032600AC8F00CF470E /* iOSApp.swift */,
				C74E79812715DC61006AF830 /* AppDelegate.swift */,
			);
			path = iosApp;
			sourceTree = "<group>";
		};
		982600309346D046DDB883D8 /* Pods */ = {
			isa = PBXGroup;
			children = (
				7D852068720E887A1A13006B /* Pods-iosApp.debug.xcconfig */,
				7664E5C3156C6597DCF1EEEF /* Pods-iosApp.release.xcconfig */,
			);
			path = Pods;
			sourceTree = "<group>";
		};
		C796029A272191D600AA511F /* Model */ = {
			isa = PBXGroup;
			children = (
				C796029B2721920A00AA511F /* Extension */,
			);
			path = Model;
			sourceTree = "<group>";
		};
		C796029B2721920A00AA511F /* Extension */ = {
			isa = PBXGroup;
			children = (
				C796029C2721921F00AA511F /* ShoppingItemExtension.swift */,
			);
			path = Extension;
			sourceTree = "<group>";
		};
		C7E10848271F162A0006F3D8 /* View */ = {
			isa = PBXGroup;
			children = (
				C7E1085B271F198B0006F3D8 /* Theme */,
				C7E10858271F18030006F3D8 /* Common */,
				C7E1084B271F163B0006F3D8 /* ShoppingItem */,
				C7E10850271F16720006F3D8 /* Tag */,
			);
			path = View;
			sourceTree = "<group>";
		};
		C7E10849271F162F0006F3D8 /* Common */ = {
			isa = PBXGroup;
			children = (
			);
			path = Common;
			sourceTree = "<group>";
		};
		C7E1084A271F16340006F3D8 /* Error */ = {
			isa = PBXGroup;
			children = (
			);
			path = Error;
			sourceTree = "<group>";
		};
		C7E1084B271F163B0006F3D8 /* ShoppingItem */ = {
			isa = PBXGroup;
			children = (
				C7E1084F271F166D0006F3D8 /* Edit */,
				C7E1084E271F16670006F3D8 /* Add */,
				C7E1084D271F165F0006F3D8 /* List */,
			);
			path = ShoppingItem;
			sourceTree = "<group>";
		};
		C7E1084D271F165F0006F3D8 /* List */ = {
			isa = PBXGroup;
			children = (
				C7E10854271F16C20006F3D8 /* ShoppingItemListScreen.swift */,
				C7E10856271F16FB0006F3D8 /* ShoppingItemRow.swift */,
				C796029E2721937B00AA511F /* ShoppingItemListViewModel.swift */,
				C79602A02721AB7D00AA511F /* MainShoppingItemList.swift */,
				C79602A22721AB9300AA511F /* ArchivedShoppingItemList.swift */,
				C79602A42721ABAA00AA511F /* DeletedShoppingItemList.swift */,
				C79602A62721AE3B00AA511F /* ShoppingItemListTab.swift */,
			);
			path = List;
			sourceTree = "<group>";
		};
		C7E1084E271F16670006F3D8 /* Add */ = {
			isa = PBXGroup;
			children = (
			);
			path = Add;
			sourceTree = "<group>";
		};
		C7E1084F271F166D0006F3D8 /* Edit */ = {
			isa = PBXGroup;
			children = (
			);
			path = Edit;
			sourceTree = "<group>";
		};
		C7E10850271F16720006F3D8 /* Tag */ = {
			isa = PBXGroup;
			children = (
				C7E10853271F168E0006F3D8 /* Edit */,
				C7E10852271F16880006F3D8 /* Add */,
				C7E10851271F16810006F3D8 /* List */,
			);
			path = Tag;
			sourceTree = "<group>";
		};
		C7E10851271F16810006F3D8 /* List */ = {
			isa = PBXGroup;
			children = (
			);
			path = List;
			sourceTree = "<group>";
		};
		C7E10852271F16880006F3D8 /* Add */ = {
			isa = PBXGroup;
			children = (
			);
			path = Add;
			sourceTree = "<group>";
		};
		C7E10853271F168E0006F3D8 /* Edit */ = {
			isa = PBXGroup;
			children = (
			);
			path = Edit;
			sourceTree = "<group>";
		};
		C7E10858271F18030006F3D8 /* Common */ = {
			isa = PBXGroup;
			children = (
				C7E10859271F18110006F3D8 /* CheckBox.swift */,
			);
			path = Common;
			sourceTree = "<group>";
		};
		C7E1085B271F198B0006F3D8 /* Theme */ = {
			isa = PBXGroup;
			children = (
				C7E1085C271F19A00006F3D8 /* Color.swift */,
			);
			path = Theme;
			sourceTree = "<group>";
		};
		F21DBF5584EAF3159986C41A /* Frameworks */ = {
			isa = PBXGroup;
			children = (
				1D9D0E2600B98B63668DFA00 /* Pods_iosApp.framework */,
			);
			name = Frameworks;
			sourceTree = "<group>";
		};
/* End PBXGroup section */

/* Begin PBXNativeTarget section */
		7555FF7A242A565900829871 /* iosApp */ = {
			isa = PBXNativeTarget;
			buildConfigurationList = 7555FFA5242A565B00829871 /* Build configuration list for PBXNativeTarget "iosApp" */;
			buildPhases = (
				BD33C9A66905548A883425DB /* [CP] Check Pods Manifest.lock */,
				7555FF77242A565900829871 /* Sources */,
				7555FF79242A565900829871 /* Resources */,
				6D3C92200ACD920F78AA01EC /* Frameworks */,
				C4B6F7881D22E61A7ABDBC01 /* [CP] Embed Pods Frameworks */,
			);
			buildRules = (
			);
			dependencies = (
			);
			name = iosApp;
			productName = iosApp;
			productReference = 7555FF7B242A565900829871 /* iosApp.app */;
			productType = "com.apple.product-type.application";
		};
/* End PBXNativeTarget section */

/* Begin PBXProject section */
		7555FF73242A565900829871 /* Project object */ = {
			isa = PBXProject;
			attributes = {
				LastSwiftUpdateCheck = 1130;
				LastUpgradeCheck = 1130;
				ORGANIZATIONNAME = orgName;
				TargetAttributes = {
					7555FF7A242A565900829871 = {
						CreatedOnToolsVersion = 11.3.1;
					};
				};
			};
			buildConfigurationList = 7555FF76242A565900829871 /* Build configuration list for PBXProject "iosApp" */;
			compatibilityVersion = "Xcode 9.3";
			developmentRegion = en;
			hasScannedForEncodings = 0;
			knownRegions = (
				en,
				Base,
			);
			mainGroup = 7555FF72242A565900829871;
			productRefGroup = 7555FF7C242A565900829871 /* Products */;
			projectDirPath = "";
			projectRoot = "";
			targets = (
				7555FF7A242A565900829871 /* iosApp */,
			);
		};
/* End PBXProject section */

/* Begin PBXResourcesBuildPhase section */
		7555FF79242A565900829871 /* Resources */ = {
			isa = PBXResourcesBuildPhase;
			buildActionMask = 2147483647;
			files = (
			);
			runOnlyForDeploymentPostprocessing = 0;
		};
/* End PBXResourcesBuildPhase section */

/* Begin PBXShellScriptBuildPhase section */
		BD33C9A66905548A883425DB /* [CP] Check Pods Manifest.lock */ = {
			isa = PBXShellScriptBuildPhase;
			buildActionMask = 2147483647;
			files = (
			);
			inputFileListPaths = (
			);
			inputPaths = (
				"${PODS_PODFILE_DIR_PATH}/Podfile.lock",
				"${PODS_ROOT}/Manifest.lock",
			);
			name = "[CP] Check Pods Manifest.lock";
			outputFileListPaths = (
			);
			outputPaths = (
				"$(DERIVED_FILE_DIR)/Pods-iosApp-checkManifestLockResult.txt",
			);
			runOnlyForDeploymentPostprocessing = 0;
			shellPath = /bin/sh;
			shellScript = "diff \"${PODS_PODFILE_DIR_PATH}/Podfile.lock\" \"${PODS_ROOT}/Manifest.lock\" > /dev/null\nif [ $? != 0 ] ; then\n    # print error to STDERR\n    echo \"error: The sandbox is not in sync with the Podfile.lock. Run 'pod install' or update your CocoaPods installation.\" >&2\n    exit 1\nfi\n# This output is used by Xcode 'outputs' to avoid re-running this script phase.\necho \"SUCCESS\" > \"${SCRIPT_OUTPUT_FILE_0}\"\n";
			showEnvVarsInLog = 0;
		};
		C4B6F7881D22E61A7ABDBC01 /* [CP] Embed Pods Frameworks */ = {
			isa = PBXShellScriptBuildPhase;
			buildActionMask = 2147483647;
			files = (
			);
			inputFileListPaths = (
				"${PODS_ROOT}/Target Support Files/Pods-iosApp/Pods-iosApp-frameworks-${CONFIGURATION}-input-files.xcfilelist",
			);
			name = "[CP] Embed Pods Frameworks";
			outputFileListPaths = (
				"${PODS_ROOT}/Target Support Files/Pods-iosApp/Pods-iosApp-frameworks-${CONFIGURATION}-output-files.xcfilelist",
			);
			runOnlyForDeploymentPostprocessing = 0;
			shellPath = /bin/sh;
			shellScript = "\"${PODS_ROOT}/Target Support Files/Pods-iosApp/Pods-iosApp-frameworks.sh\"\n";
			showEnvVarsInLog = 0;
		};
/* End PBXShellScriptBuildPhase section */

/* Begin PBXSourcesBuildPhase section */
		7555FF77242A565900829871 /* Sources */ = {
			isa = PBXSourcesBuildPhase;
			buildActionMask = 2147483647;
			files = (
				C74E79822715DC61006AF830 /* AppDelegate.swift in Sources */,
				C796029F2721937B00AA511F /* ShoppingItemListViewModel.swift in Sources */,
				C7E1085A271F18110006F3D8 /* CheckBox.swift in Sources */,
				C796029D2721921F00AA511F /* ShoppingItemExtension.swift in Sources */,
				C7E1085D271F19A00006F3D8 /* Color.swift in Sources */,
				2152FB042600AC8F00CF470E /* iOSApp.swift in Sources */,
				C7E10857271F16FB0006F3D8 /* ShoppingItemRow.swift in Sources */,
				C79602A72721AE3B00AA511F /* ShoppingItemListTab.swift in Sources */,
				C79602A32721AB9300AA511F /* ArchivedShoppingItemList.swift in Sources */,
				7555FF83242A565900829871 /* ContentView.swift in Sources */,
				C7E10855271F16C20006F3D8 /* ShoppingItemListScreen.swift in Sources */,
				C79602A52721ABAA00AA511F /* DeletedShoppingItemList.swift in Sources */,
				C79602A12721AB7D00AA511F /* MainShoppingItemList.swift in Sources */,
			);
			runOnlyForDeploymentPostprocessing = 0;
		};
/* End PBXSourcesBuildPhase section */

/* Begin XCBuildConfiguration section */
		7555FFA3242A565B00829871 /* Debug */ = {
			isa = XCBuildConfiguration;
			buildSettings = {
				ALWAYS_SEARCH_USER_PATHS = NO;
				CLANG_ANALYZER_NONNULL = YES;
				CLANG_ANALYZER_NUMBER_OBJECT_CONVERSION = YES_AGGRESSIVE;
				CLANG_CXX_LANGUAGE_STANDARD = "gnu++14";
				CLANG_CXX_LIBRARY = "libc++";
				CLANG_ENABLE_MODULES = YES;
				CLANG_ENABLE_OBJC_ARC = YES;
				CLANG_ENABLE_OBJC_WEAK = YES;
				CLANG_WARN_BLOCK_CAPTURE_AUTORELEASING = YES;
				CLANG_WARN_BOOL_CONVERSION = YES;
				CLANG_WARN_COMMA = YES;
				CLANG_WARN_CONSTANT_CONVERSION = YES;
				CLANG_WARN_DEPRECATED_OBJC_IMPLEMENTATIONS = YES;
				CLANG_WARN_DIRECT_OBJC_ISA_USAGE = YES_ERROR;
				CLANG_WARN_DOCUMENTATION_COMMENTS = YES;
				CLANG_WARN_EMPTY_BODY = YES;
				CLANG_WARN_ENUM_CONVERSION = YES;
				CLANG_WARN_INFINITE_RECURSION = YES;
				CLANG_WARN_INT_CONVERSION = YES;
				CLANG_WARN_NON_LITERAL_NULL_CONVERSION = YES;
				CLANG_WARN_OBJC_IMPLICIT_RETAIN_SELF = YES;
				CLANG_WARN_OBJC_LITERAL_CONVERSION = YES;
				CLANG_WARN_OBJC_ROOT_CLASS = YES_ERROR;
				CLANG_WARN_QUOTED_INCLUDE_IN_FRAMEWORK_HEADER = YES;
				CLANG_WARN_RANGE_LOOP_ANALYSIS = YES;
				CLANG_WARN_STRICT_PROTOTYPES = YES;
				CLANG_WARN_SUSPICIOUS_MOVE = YES;
				CLANG_WARN_UNGUARDED_AVAILABILITY = YES_AGGRESSIVE;
				CLANG_WARN_UNREACHABLE_CODE = YES;
				CLANG_WARN__DUPLICATE_METHOD_MATCH = YES;
				COPY_PHASE_STRIP = NO;
				DEBUG_INFORMATION_FORMAT = "dwarf-with-dsym";
				ENABLE_STRICT_OBJC_MSGSEND = YES;
				ENABLE_TESTABILITY = YES;
				GCC_C_LANGUAGE_STANDARD = gnu11;
				GCC_DYNAMIC_NO_PIC = NO;
				GCC_NO_COMMON_BLOCKS = YES;
				GCC_OPTIMIZATION_LEVEL = 0;
				GCC_PREPROCESSOR_DEFINITIONS = (
					"DEBUG=1",
					"$(inherited)",
				);
				GCC_WARN_64_TO_32_BIT_CONVERSION = YES;
				GCC_WARN_ABOUT_RETURN_TYPE = YES_ERROR;
				GCC_WARN_UNDECLARED_SELECTOR = YES;
				GCC_WARN_UNINITIALIZED_AUTOS = YES_AGGRESSIVE;
				GCC_WARN_UNUSED_FUNCTION = YES;
				GCC_WARN_UNUSED_VARIABLE = YES;
				IPHONEOS_DEPLOYMENT_TARGET = 14.1;
				MTL_ENABLE_DEBUG_INFO = INCLUDE_SOURCE;
				MTL_FAST_MATH = YES;
				ONLY_ACTIVE_ARCH = YES;
				SDKROOT = iphoneos;
				SWIFT_ACTIVE_COMPILATION_CONDITIONS = DEBUG;
				SWIFT_OPTIMIZATION_LEVEL = "-Onone";
			};
			name = Debug;
		};
		7555FFA4242A565B00829871 /* Release */ = {
			isa = XCBuildConfiguration;
			buildSettings = {
				ALWAYS_SEARCH_USER_PATHS = NO;
				CLANG_ANALYZER_NONNULL = YES;
				CLANG_ANALYZER_NUMBER_OBJECT_CONVERSION = YES_AGGRESSIVE;
				CLANG_CXX_LANGUAGE_STANDARD = "gnu++14";
				CLANG_CXX_LIBRARY = "libc++";
				CLANG_ENABLE_MODULES = YES;
				CLANG_ENABLE_OBJC_ARC = YES;
				CLANG_ENABLE_OBJC_WEAK = YES;
				CLANG_WARN_BLOCK_CAPTURE_AUTORELEASING = YES;
				CLANG_WARN_BOOL_CONVERSION = YES;
				CLANG_WARN_COMMA = YES;
				CLANG_WARN_CONSTANT_CONVERSION = YES;
				CLANG_WARN_DEPRECATED_OBJC_IMPLEMENTATIONS = YES;
				CLANG_WARN_DIRECT_OBJC_ISA_USAGE = YES_ERROR;
				CLANG_WARN_DOCUMENTATION_COMMENTS = YES;
				CLANG_WARN_EMPTY_BODY = YES;
				CLANG_WARN_ENUM_CONVERSION = YES;
				CLANG_WARN_INFINITE_RECURSION = YES;
				CLANG_WARN_INT_CONVERSION = YES;
				CLANG_WARN_NON_LITERAL_NULL_CONVERSION = YES;
				CLANG_WARN_OBJC_IMPLICIT_RETAIN_SELF = YES;
				CLANG_WARN_OBJC_LITERAL_CONVERSION = YES;
				CLANG_WARN_OBJC_ROOT_CLASS = YES_ERROR;
				CLANG_WARN_QUOTED_INCLUDE_IN_FRAMEWORK_HEADER = YES;
				CLANG_WARN_RANGE_LOOP_ANALYSIS = YES;
				CLANG_WARN_STRICT_PROTOTYPES = YES;
				CLANG_WARN_SUSPICIOUS_MOVE = YES;
				CLANG_WARN_UNGUARDED_AVAILABILITY = YES_AGGRESSIVE;
				CLANG_WARN_UNREACHABLE_CODE = YES;
				CLANG_WARN__DUPLICATE_METHOD_MATCH = YES;
				COPY_PHASE_STRIP = NO;
				DEBUG_INFORMATION_FORMAT = "dwarf-with-dsym";
				ENABLE_NS_ASSERTIONS = NO;
				ENABLE_STRICT_OBJC_MSGSEND = YES;
				GCC_C_LANGUAGE_STANDARD = gnu11;
				GCC_NO_COMMON_BLOCKS = YES;
				GCC_WARN_64_TO_32_BIT_CONVERSION = YES;
				GCC_WARN_ABOUT_RETURN_TYPE = YES_ERROR;
				GCC_WARN_UNDECLARED_SELECTOR = YES;
				GCC_WARN_UNINITIALIZED_AUTOS = YES_AGGRESSIVE;
				GCC_WARN_UNUSED_FUNCTION = YES;
				GCC_WARN_UNUSED_VARIABLE = YES;
				IPHONEOS_DEPLOYMENT_TARGET = 14.1;
				MTL_ENABLE_DEBUG_INFO = NO;
				MTL_FAST_MATH = YES;
				SDKROOT = iphoneos;
				SWIFT_COMPILATION_MODE = wholemodule;
				SWIFT_OPTIMIZATION_LEVEL = "-O";
				VALIDATE_PRODUCT = YES;
			};
			name = Release;
		};
		7555FFA6242A565B00829871 /* Debug */ = {
			isa = XCBuildConfiguration;
			baseConfigurationReference = 7D852068720E887A1A13006B /* Pods-iosApp.debug.xcconfig */;
			buildSettings = {
				ASSETCATALOG_COMPILER_APPICON_NAME = AppIcon;
				CODE_SIGN_STYLE = Automatic;
				ENABLE_PREVIEWS = YES;
				FRAMEWORK_SEARCH_PATHS = "$(inherited)";
				GCC_NO_COMMON_BLOCKS = YES;
				INFOPLIST_FILE = iosApp/Info.plist;
				LD_RUNPATH_SEARCH_PATHS = (
					"$(inherited)",
					"@executable_path/Frameworks",
				);
				PRODUCT_BUNDLE_IDENTIFIER = orgIdentifier.iosApp;
				PRODUCT_NAME = "$(TARGET_NAME)";
				SWIFT_VERSION = 5.0;
				TARGETED_DEVICE_FAMILY = "1,2";
			};
			name = Debug;
		};
		7555FFA7242A565B00829871 /* Release */ = {
			isa = XCBuildConfiguration;
			baseConfigurationReference = 7664E5C3156C6597DCF1EEEF /* Pods-iosApp.release.xcconfig */;
			buildSettings = {
				ASSETCATALOG_COMPILER_APPICON_NAME = AppIcon;
				CODE_SIGN_STYLE = Automatic;
				ENABLE_PREVIEWS = YES;
				FRAMEWORK_SEARCH_PATHS = "$(inherited)";
				GCC_NO_COMMON_BLOCKS = YES;
				INFOPLIST_FILE = iosApp/Info.plist;
				LD_RUNPATH_SEARCH_PATHS = (
					"$(inherited)",
					"@executable_path/Frameworks",
				);
				PRODUCT_BUNDLE_IDENTIFIER = orgIdentifier.iosApp;
				PRODUCT_NAME = "$(TARGET_NAME)";
				SWIFT_VERSION = 5.0;
				TARGETED_DEVICE_FAMILY = "1,2";
			};
			name = Release;
		};
/* End XCBuildConfiguration section */

/* Begin XCConfigurationList section */
		7555FF76242A565900829871 /* Build configuration list for PBXProject "iosApp" */ = {
			isa = XCConfigurationList;
			buildConfigurations = (
				7555FFA3242A565B00829871 /* Debug */,
				7555FFA4242A565B00829871 /* Release */,
			);
			defaultConfigurationIsVisible = 0;
			defaultConfigurationName = Release;
		};
		7555FFA5242A565B00829871 /* Build configuration list for PBXNativeTarget "iosApp" */ = {
			isa = XCConfigurationList;
			buildConfigurations = (
				7555FFA6242A565B00829871 /* Debug */,
				7555FFA7242A565B00829871 /* Release */,
			);
			defaultConfigurationIsVisible = 0;
			defaultConfigurationName = Release;
		};
/* End XCConfigurationList section */
	};
	rootObject = 7555FF73242A565900829871 /* Project object */;
}
